
Microsoft Visual Studio Solution File, Format Version 12.00
# Visual Studio Version 17
VisualStudioVersion = 17.8.34511.84
MinimumVisualStudioVersion = 10.0.40219.1
Project("{FAE04EC0-301F-11D3-BF4B-00C04F79EFBC}") = "AppVendasWeb", "AppVendasWeb\AppVendasWeb.csproj", "{6C87BF9D-4F23-4D27-8802-3F3103B36F55}"
EndProject
Global
	GlobalSection(SolutionConfigurationPlatforms) = preSolution
		Debug|Any CPU = Debug|Any CPU
		Release|Any CPU = Release|Any CPU
	EndGlobalSection
	GlobalSection(ProjectConfigurationPlatforms) = postSolution
		{6C87BF9D-4F23-4D27-8802-3F3103B36F55}.Debug|Any CPU.ActiveCfg = Debug|Any CPU
		{6C87BF9D-4F23-4D27-8802-3F3103B36F55}.Debug|Any CPU.Build.0 = Debug|Any CPU
		{6C87BF9D-4F23-4D27-8802-3F3103B36F55}.Release|Any CPU.ActiveCfg = Release|Any CPU
		{6C87BF9D-4F23-4D27-8802-3F3103B36F55}.Release|Any CPU.Build.0 = Release|Any CPU
	EndGlobalSection
	GlobalSection(SolutionProperties) = preSolution
		HideSolutionNode = FALSE
	EndGlobalSection
	GlobalSection(ExtensibilityGlobals) = postSolution
		SolutionGuid = {C35D8C98-FE21-4E85-9409-7AEC659425DC}
	EndGlobalSection
EndGlobal
